
Microsoft Visual Studio Solution File, Format Version 12.00
# Visual Studio Version 16
VisualStudioVersion = 16.0.30114.105
MinimumVisualStudioVersion = 10.0.40219.1
Project("{FAE04EC0-301F-11D3-BF4B-00C04F79EFBC}") = "Chatty.Api", "Chatty.Api\Chatty.Api.csproj", "{ED6A3F1F-B295-42A6-9B8B-24D820E01A07}"
EndProject
Global
	GlobalSection(SolutionConfigurationPlatforms) = preSolution
		Debug|Any CPU = Debug|Any CPU
		Release|Any CPU = Release|Any CPU
	EndGlobalSection
	GlobalSection(SolutionProperties) = preSolution
		HideSolutionNode = FALSE
	EndGlobalSection
	GlobalSection(ProjectConfigurationPlatforms) = postSolution
		{ED6A3F1F-B295-42A6-9B8B-24D820E01A07}.Debug|Any CPU.ActiveCfg = Debug|Any CPU
		{ED6A3F1F-B295-42A6-9B8B-24D820E01A07}.Debug|Any CPU.Build.0 = Debug|Any CPU
		{ED6A3F1F-B295-42A6-9B8B-24D820E01A07}.Release|Any CPU.ActiveCfg = Release|Any CPU
		{ED6A3F1F-B295-42A6-9B8B-24D820E01A07}.Release|Any CPU.Build.0 = Release|Any CPU
	EndGlobalSection
EndGlobal
